
Microsoft Visual Studio Solution File, Format Version 12.00
# Visual Studio Version 17
VisualStudioVersion = 17.5.33627.172
MinimumVisualStudioVersion = 10.0.40219.1
Project("{FAE04EC0-301F-11D3-BF4B-00C04F79EFBC}") = "SQLITE", "SQLITE.csproj", "{B89DACB9-DD22-4DDB-AC44-E91E3296003F}"
EndProject
Global
	GlobalSection(SolutionConfigurationPlatforms) = preSolution
		Debug|Any CPU = Debug|Any CPU
		Release|Any CPU = Release|Any CPU
	EndGlobalSection
	GlobalSection(ProjectConfigurationPlatforms) = postSolution
		{B89DACB9-DD22-4DDB-AC44-E91E3296003F}.Debug|Any CPU.ActiveCfg = Debug|Any CPU
		{B89DACB9-DD22-4DDB-AC44-E91E3296003F}.Debug|Any CPU.Build.0 = Debug|Any CPU
		{B89DACB9-DD22-4DDB-AC44-E91E3296003F}.Release|Any CPU.ActiveCfg = Release|Any CPU
		{B89DACB9-DD22-4DDB-AC44-E91E3296003F}.Release|Any CPU.Build.0 = Release|Any CPU
	EndGlobalSection
	GlobalSection(SolutionProperties) = preSolution
		HideSolutionNode = FALSE
	EndGlobalSection
	GlobalSection(ExtensibilityGlobals) = postSolution
		SolutionGuid = {BD2C8199-1151-4926-AF50-BF4070AA4958}
	EndGlobalSection
EndGlobal
